GEM
  remote: https://rubygems.org/
  specs:
    ast (2.4.3)
    async (2.43.0)
      console (~> 1.29)
      fiber-annotation
      io-event (~> 1.11)
    async-container (0.37.0)
      async (~> 2.22)
    async-dns (1.4.1)
      async
      io-endpoint
    async-http (0.96.0)
      async (>= 2.35.1)
      async-pool (~> 0.11)
      io-endpoint (~> 0.14)
      io-stream (~> 0.6)
      protocol-http (~> 0.62)
      protocol-http1 (~> 0.39)
      protocol-http2 (~> 0.26)
      protocol-url (~> 0.2)
    async-http-cache (0.4.6)
      async-http (~> 0.56)
    async-pool (0.11.2)
      async (>= 2.0)
    async-service (0.24.1)
      async
      async-container (~> 0.34)
      string-format (~> 0.2)
    async-utilization (0.4.0)
      console (~> 1.0)
    bake (0.25.0)
      bigdecimal
      samovar (~> 2.1)
    base64 (0.3.0)
    bcrypt (3.1.22)
    benchmark (0.5.0)
    bigdecimal (4.1.2)
    cgi (0.5.2)
    chunky_png (1.4.0)
    console (1.37.0)
      fiber-annotation
      fiber-local (~> 1.1)
      json
    erubi (1.13.1)
    falcon (0.55.6)
      async
      async-container (~> 0.20)
      async-http (~> 0.75)
      async-http-cache (~> 0.4)
      async-service (~> 0.19)
      async-utilization (~> 0.3)
      bundler
      localhost (~> 1.1)
      openssl (>= 3.0)
      protocol-http (~> 0.31)
      protocol-rack (~> 0.7)
      samovar (~> 2.3)
    fiber-annotation (0.2.0)
    fiber-local (1.1.0)
      fiber-storage
    fiber-storage (1.0.1)
    io-endpoint (0.17.2)
    io-event (1.19.3)
    io-stream (0.13.2)
      openssl (>= 3.3)
    json (2.21.1)
    language_server-protocol (3.17.0.6)
    lint_roller (1.1.0)
    localhost (1.8.0)
      bake
    logger (1.7.0)
    openssl (4.0.2)
    ostruct (0.6.3)
    parallel (2.1.0)
    parser (3.3.12.0)
      ast (~> 2.4.1)
      racc
    prism (1.9.0)
    protocol-hpack (1.5.1)
    protocol-http (0.63.0)
    protocol-http1 (0.39.0)
      protocol-http (~> 0.62)
    protocol-http2 (0.26.1)
      protocol-hpack (~> 1.4)
      protocol-http (~> 0.62)
    protocol-rack (0.22.1)
      io-stream (>= 0.10)
      protocol-http (~> 0.58)
      rack (>= 1.0)
    protocol-url (0.4.0)
    racc (1.8.1)
    rack (3.2.6)
    rack-session (2.1.2)
      base64 (>= 0.1.0)
      rack (>= 3.0.0)
    rainbow (3.1.1)
    regexp_parser (2.12.0)
    roda (3.106.0)
      rack
    rqrcode (3.2.0)
      chunky_png (~> 1.0)
      rqrcode_core (~> 2.0)
    rqrcode_core (2.1.0)
    rubocop (1.88.2)
      json (~> 2.3)
      language_server-protocol (~> 3.17.0.2)
      lint_roller (~> 1.1.0)
      parallel (>= 1.10)
      parser (>= 3.3.0.2)
      rainbow (>= 2.2.2, < 4.0)
      regexp_parser (>= 2.9.3, < 3.0)
      rubocop-ast (>= 1.49.0, < 2.0)
      ruby-progressbar (~> 1.7)
      unicode-display_width (>= 2.4.0, < 4.0)
    rubocop-ast (1.50.0)
      parser (>= 3.3.7.2)
      prism (~> 1.7)
    rubocop-performance (1.26.1)
      lint_roller (~> 1.1)
      rubocop (>= 1.75.0, < 2.0)
      rubocop-ast (>= 1.47.1, < 2.0)
    ruby-progressbar (1.13.0)
    samovar (2.5.1)
      console (~> 1.0)
    sequel (5.106.0)
      bigdecimal
    sqlite3 (2.9.5-aarch64-linux-gnu)
    sqlite3 (2.9.5-aarch64-linux-musl)
    sqlite3 (2.9.5-arm-linux-gnu)
    sqlite3 (2.9.5-arm-linux-musl)
    sqlite3 (2.9.5-arm64-darwin)
    sqlite3 (2.9.5-x86-linux-gnu)
    sqlite3 (2.9.5-x86-linux-musl)
    sqlite3 (2.9.5-x86_64-darwin)
    sqlite3 (2.9.5-x86_64-linux-gnu)
    sqlite3 (2.9.5-x86_64-linux-musl)
    standard (1.56.0)
      language_server-protocol (~> 3.17.0.2)
      lint_roller (~> 1.0)
      rubocop (~> 1.88.0)
      standard-custom (~> 1.0.0)
      standard-performance (~> 1.8)
    standard-custom (1.0.2)
      lint_roller (~> 1.0)
      rubocop (~> 1.50)
    standard-performance (1.9.0)
      lint_roller (~> 1.1)
      rubocop-performance (~> 1.26.0)
    string-format (0.2.0)
    sus (0.37.2)
    sus-fixtures-async (0.2.0)
      async
      sus (~> 0.10)
    tilt (2.8.0)
    unicode-display_width (3.2.0)
      unicode-emoji (~> 4.1)
    unicode-emoji (4.2.0)

PLATFORMS
  aarch64-linux-gnu
  aarch64-linux-musl
  arm-linux-gnu
  arm-linux-musl
  arm64-darwin
  x86-linux-gnu
  x86-linux-musl
  x86_64-darwin
  x86_64-linux-gnu
  x86_64-linux-musl

DEPENDENCIES
  async-dns
  bcrypt
  benchmark
  cgi
  console
  erubi
  falcon
  logger
  ostruct
  rack-session
  roda
  rqrcode
  sequel
  sqlite3
  standard
  sus
  sus-fixtures-async
  tilt

CHECKSUMS
  ast (2.4.3) sha256=954615157c1d6a382bc27d690d973195e79db7f55e9765ac7c481c60bdb4d383
  async (2.43.0) sha256=c3a6bd7ebb56a02b19eaa3b8ca26fced4397554bcd8c5d5046be5ee5598c452d
  async-container (0.37.0) sha256=16bd50a6d3ba818d917160a96a965a2cde0fd0e9959715741cbeeba90d68d315
  async-dns (1.4.1) sha256=02420d1a8d94245a21eec0e8db255f2e872023c60282c1aadb750aba964bdf5b
  async-http (0.96.0) sha256=92dabce47ba3cfb6569d0fdc799357e19a2d9813d056e1f807707685a340b46a
  async-http-cache (0.4.6) sha256=2038d1f093182f16b50b4db271c25085e3938da10bfcfc2904cadb0530fddfd6
  async-pool (0.11.2) sha256=0a43a17b02b04d9c451b7d12fafa9a50e55dc6dd00d4369aca00433f16a7e3ed
  async-service (0.24.1) sha256=3ee313fa2d6c1427ffac68f42f272889c496fa1088cf1432b1e7a5f5bff56b06
  async-utilization (0.4.0) sha256=4da53cb1733a12c9cf70ff22bd37d29c10fa9162a03ddb10f34e12acd171fe32
  bake (0.25.0) sha256=a47bdc6a26addc048827debc36fe27bb4d5d71ac2958ad910b5386e9baf49869
  base64 (0.3.0) sha256=27337aeabad6ffae05c265c450490628ef3ebd4b67be58257393227588f5a97b
  bcrypt (3.1.22) sha256=1f0072e88c2d705d94aff7f2c5cb02eb3f1ec4b8368671e19112527489f29032
  benchmark (0.5.0) sha256=465df122341aedcb81a2a24b4d3bd19b6c67c1530713fd533f3ff034e419236c
  bigdecimal (4.1.2) sha256=53d217666027eab4280346fba98e7d5b66baaae1b9c3c1c0ffe89d48188a3fbd
  cgi (0.5.2) sha256=61ca30298171190fd4fa0d8018e57ada456eae9b7a2b78526debf7f0a0e6f8bb
  chunky_png (1.4.0) sha256=89d5b31b55c0cf4da3cf89a2b4ebc3178d8abe8cbaf116a1dba95668502fdcfe
  console (1.37.0) sha256=8093b286c2595a063849c098594fee5155ecc7967d36f3aa8cbe7569c8f3efd7
  erubi (1.13.1) sha256=a082103b0885dbc5ecf1172fede897f9ebdb745a4b97a5e8dc63953db1ee4ad9
  falcon (0.55.6) sha256=cb9d5d9da1732fa8e7e5fd53d8f91d7b0a95182a4a52d5b236442061b4d226ce
  fiber-annotation (0.2.0) sha256=7abfadf1d119f508867d4103bf231c0354d019cc39a5738945dec2edadaf6c03
  fiber-local (1.1.0) sha256=c885f94f210fb9b05737de65d511136ea602e00c5105953748aa0f8793489f06
  fiber-storage (1.0.1) sha256=f48e5b6d8b0be96dac486332b55cee82240057065dc761c1ea692b2e719240e1
  io-endpoint (0.17.2) sha256=3feaf766c116b35839c11fac68b6aaadc47887bb488902a57bf8e1d288fb3338
  io-event (1.19.3) sha256=0fe24f0fe334ad39cf61a290131c54f8848184c0d166cea86ffae2d6548339d3
  io-stream (0.13.2) sha256=8c7ac4efbb0d91d951726bbc88dbf28a56f792ff388e82bb18aa5abc48f2fe36
  json (2.21.1) sha256=13a43df75d95641443f5702dff350f237164a9d811ff0f2c2800d4d980220583
  language_server-protocol (3.17.0.6) sha256=5ef2c0c138f8267e1bc631d3328347d354f96724b0af22f2c79516120443b7f0
  lint_roller (1.1.0) sha256=2c0c845b632a7d172cb849cc90c1bce937a28c5c8ccccb50dfd46a485003cc87
  localhost (1.8.0) sha256=df7ea825b4f64949c588c17efac86bc47ddc4460d723778abe933b71759b2701
  logger (1.7.0) sha256=196edec7cc44b66cfb40f9755ce11b392f21f7967696af15d274dde7edff0203
  openssl (4.0.2) sha256=1037ad2868ae58df9ad917891c0c0f9815a1172f6846d4bcdd508e4c2ee747c2
  ostruct (0.6.3) sha256=95a2ed4a4bd1d190784e666b47b2d3f078e4a9efda2fccf18f84ddc6538ed912
  parallel (2.1.0) sha256=b35258865c2e31134c5ecb708beaaf6772adf9d5efae28e93e99260877b09356
  parser (3.3.12.0) sha256=21a6d7f755d5a24dfbdc6e6b772e4e879a52e7631a88bc5a3a134606052c9828
  prism (1.9.0) sha256=7b530c6a9f92c24300014919c9dcbc055bf4cdf51ec30aed099b06cd6674ef85
  protocol-hpack (1.5.1) sha256=6feca238b8078da1cd295677d6f306c6001af92d75fe0643d33e6956cbc3ad91
  protocol-http (0.63.0) sha256=7e94958cbdc20e9d9b4ecb1959e1e7824a35f36e082d3d2cd5bd844da643a8e4
  protocol-http1 (0.39.0) sha256=e49b3f4cda6f5d94c76a323d2b7f6977cba3ebd082d2da437039594da77ad8eb
  protocol-http2 (0.26.1) sha256=5f11c64abe74d3b8688169ccce5fd802b71fbc4815d9537c3d570521729c46be
  protocol-rack (0.22.1) sha256=1185d245927ef9849a603700d6991ca353bc89724fbf98efa4a4333ed62a9fc3
  protocol-url (0.4.0) sha256=64d4c03b6b51ad815ac6fdaf77a1d91e5baf9220d26becb846c5459dacdea9e1
  racc (1.8.1) sha256=4a7f6929691dbec8b5209a0b373bc2614882b55fc5d2e447a21aaa691303d62f
  rack (3.2.6) sha256=5ed78e1f73b2e25679bec7d45ee2d4483cc4146eb1be0264fc4d94cb5ef212c2
  rack-session (2.1.2) sha256=595434f8c0c3473ae7d7ac56ecda6cc6dfd9d37c0b2b5255330aa1576967ffe8
  rainbow (3.1.1) sha256=039491aa3a89f42efa1d6dec2fc4e62ede96eb6acd95e52f1ad581182b79bc6a
  regexp_parser (2.12.0) sha256=35a916a1d63190ab5c9009457136ae5f3c0c7512d60291d0d1378ba18ce08ebb
  roda (3.106.0) sha256=1a1cfb13c6690db158a3929e9c9ece88e697fb23b05baae63f07b0773e3bbade
  rqrcode (3.2.0) sha256=64c1494ca6bb67d731330f38b50e3fd09eeab4f5dcd04b608e21218d1d0b9542
  rqrcode_core (2.1.0) sha256=f303b85df89c1b8fc5ee8dc19808c9dc4330e6329b660d99d4a8cbb36ca13051
  rubocop (1.88.2) sha256=8def251c90cd955feb4daa3edc0ab56893250c4ce90ef81e6c80c03f9a939bbf
  rubocop-ast (1.50.0) sha256=b9ca88300da0803ee222ad20cdb30494c0a784eed06fdc35d254b06d662788db
  rubocop-performance (1.26.1) sha256=cd19b936ff196df85829d264b522fd4f98b6c89ad271fa52744a8c11b8f71834
  ruby-progressbar (1.13.0) sha256=80fc9c47a9b640d6834e0dc7b3c94c9df37f08cb072b7761e4a71e22cff29b33
  samovar (2.5.1) sha256=8a9fc41eb8868084f0321eb41678c485cfbc7d282fb306c0be67c3284b1d2394
  sequel (5.106.0) sha256=0e6677f230e724ecbc9b4d5fc95ef9a69997cfb24c60fff84268185e0bb254cd
  sqlite3 (2.9.5-aarch64-linux-gnu) sha256=78075b6337d3d182c6d2b4691049ed45cd220826160c9ea18946bf6a1de200dc
  sqlite3 (2.9.5-aarch64-linux-musl) sha256=18c801185deb4adc01ddb281e8f672a39e3d1729979ca91e39439cd3eac0402d
  sqlite3 (2.9.5-arm-linux-gnu) sha256=1bdfca0c7d63998c60b0f4a8e3c8df2d33800ccc4abd2d612eddbbbc92a4c48b
  sqlite3 (2.9.5-arm-linux-musl) sha256=bae1109d12b2e9f588455967729b008e1ff4feb7761749df695019c9079913c6
  sqlite3 (2.9.5-arm64-darwin) sha256=d0cf444a70fc9395d513cfbcc1e6719e224aa645314e3824cb0474c721425aa2
  sqlite3 (2.9.5-x86-linux-gnu) sha256=c94b96b16f17796be6fa099d15218b52e396f55690c4760faaaefa21ebab9dd5
  sqlite3 (2.9.5-x86-linux-musl) sha256=063a8c13cbadfe7f29453b1706cbdf91fca4a78d244f816ff20bac4fb259f1e4
  sqlite3 (2.9.5-x86_64-darwin) sha256=8e9caae38bd7ebb29cbeee3e7ab1d12dc2327d9a1b92c7fcf0dda05589627a81
  sqlite3 (2.9.5-x86_64-linux-gnu) sha256=233dbcb6714148dd23bc5aeb33e8efd6eac974969564ddd5794c23d5f52b231e
  sqlite3 (2.9.5-x86_64-linux-musl) sha256=e7d3a7474e8af0f96150c21abc203fbab5437206bfcdf11deab7741c0ca516f2
  standard (1.56.0) sha256=ae2af4d9669589162ac69ed5ef59dcf9f346d4afc81f7e62b84339310dfcb787
  standard-custom (1.0.2) sha256=424adc84179a074f1a2a309bb9cf7cd6bfdb2b6541f20c6bf9436c0ba22a652b
  standard-performance (1.9.0) sha256=49483d31be448292951d80e5e67cdcb576c2502103c7b40aec6f1b6e9c88e3f2
  string-format (0.2.0) sha256=bc981c14116b061f12134549f32fa2d61a17b5a35dd6fd36596c21722a789af6
  sus (0.37.2) sha256=c060958436ecaccf3b04482d7ee7af2f0246f3c65a63b6794b89f86d94a42feb
  sus-fixtures-async (0.2.0) sha256=8c2b20b87f62da8cf0ce3efce3f9435370069371cd75ac23cdc7936f6402f9b7
  tilt (2.8.0) sha256=ba472eb2716fe1e04112d6d219a9dae938ec09a6a1e2ad3ecc7922e79bde3721
  unicode-display_width (3.2.0) sha256=0cdd96b5681a5949cdbc2c55e7b420facae74c4aaf9a9815eee1087cb1853c42
  unicode-emoji (4.2.0) sha256=519e69150f75652e40bf736106cfbc8f0f73aa3fb6a65afe62fefa7f80b0f80f

RUBY VERSION
  ruby 4.0.6

BUNDLED WITH
  4.0.16
